
Microsoft Visual Studio Solution File, Format Version 12.00
# Visual Studio 15
VisualStudioVersion = 15.0.28307.438
MinimumVisualStudioVersion = 10.0.40219.1
Project("{8BC9CEB8-8B4A-11D0-8D11-00A0C91BC942}") = "Hash Table", "Hash Table\Hash Table.vcxproj", "{F2E5BC94-46EB-4501-8CD8-BC6AC9BBF94D}"
EndProject
Global
	GlobalSection(SolutionConfigurationPlatforms) = preSolution
		Debug|x64 = Debug|x64
		Debug|x86 = Debug|x86
		Release|x64 = Release|x64
		Release|x86 = Release|x86
	EndGlobalSection
	GlobalSection(ProjectConfigurationPlatforms) = postSolution
		{F2E5BC94-46EB-4501-8CD8-BC6AC9BBF94D}.Debug|x64.ActiveCfg = Debug|x64
		{F2E5BC94-46EB-4501-8CD8-BC6AC9BBF94D}.Debug|x64.Build.0 = Debug|x64
		{F2E5BC94-46EB-4501-8CD8-BC6AC9BBF94D}.Debug|x86.ActiveCfg = Debug|Win32
		{F2E5BC94-46EB-4501-8CD8-BC6AC9BBF94D}.Debug|x86.Build.0 = Debug|Win32
		{F2E5BC94-46EB-4501-8CD8-BC6AC9BBF94D}.Release|x64.ActiveCfg = Release|x64
		{F2E5BC94-46EB-4501-8CD8-BC6AC9BBF94D}.Release|x64.Build.0 = Release|x64
		{F2E5BC94-46EB-4501-8CD8-BC6AC9BBF94D}.Release|x86.ActiveCfg = Release|Win32
		{F2E5BC94-46EB-4501-8CD8-BC6AC9BBF94D}.Release|x86.Build.0 = Release|Win32
	EndGlobalSection
	GlobalSection(SolutionProperties) = preSolution
		HideSolutionNode = FALSE
	EndGlobalSection
	GlobalSection(ExtensibilityGlobals) = postSolution
		SolutionGuid = {53A130C8-5CC5-4C20-9DAC-1BD929172E38}
	EndGlobalSection
EndGlobal
